// !$*UTF8*$!
{
	archiveVersion = 1;
	classes = {
	};
	objectVersion = 48;
	objects = {

/* Begin PBXBuildFile section */
		339126741E6D347F00EB017C /* AppDelegate.swift in Sources */ = {isa = PBXBuildFile; fileRef = 339126731E6D347F00EB017C /* AppDelegate.swift */; };
		339126761E6D347F00EB017C /* LoginViewController.swift in Sources */ = {isa = PBXBuildFile; fileRef = 339126751E6D347F00EB017C /* LoginViewController.swift */; };
		339126791E6D347F00EB017C /* Main.storyboard in Resources */ = {isa = PBXBuildFile; fileRef = 339126771E6D347F00EB017C /* Main.storyboard */; };
		3391267B1E6D347F00EB017C /* Assets.xcassets in Resources */ = {isa = PBXBuildFile; fileRef = 3391267A1E6D347F00EB017C /* Assets.xcassets */; };
		3391267E1E6D347F00EB017C /* LaunchScreen.storyboard in Resources */ = {isa = PBXBuildFile; fileRef = 3391267C1E6D347F00EB017C /* LaunchScreen.storyboard */; };
		339126891E6D347F00EB017C /* Instagram_DemoTests.swift in Sources */ = {isa = PBXBuildFile; fileRef = 339126881E6D347F00EB017C /* Instagram_DemoTests.swift */; };
		339126941E6D347F00EB017C /* Instagram_DemoUITests.swift in Sources */ = {isa = PBXBuildFile; fileRef = 339126931E6D347F00EB017C /* Instagram_DemoUITests.swift */; };
		33CE17D41E761337002E3496 /* InstaFeedViewController.swift in Sources */ = {isa = PBXBuildFile; fileRef = 33CE17D31E761337002E3496 /* InstaFeedViewController.swift */; };
		33CE17D71E762AD8002E3496 /* Post.swift in Sources */ = {isa = PBXBuildFile; fileRef = 33CE17D61E762AD8002E3496 /* Post.swift */; };
		33CE17DA1E76460A002E3496 /* InstagramPostTableViewCell.swift in Sources */ = {isa = PBXBuildFile; fileRef = 33CE17D91E76460A002E3496 /* InstagramPostTableViewCell.swift */; };
		85F0BD5D770032DA796BCFD8 /* Pods_Instagram_DemoUITests.framework in Frameworks */ = {isa = PBXBuildFile; fileRef = 6A4B264417CDD1B01E3287A4 /* Pods_Instagram_DemoUITests.framework */; };
		96DEA27C6E95C373B808086B /* Pods_Instagram_DemoTests.framework in Frameworks */ = {isa = PBXBuildFile; fileRef = 757883FFDF5FFD97CA0C4221 /* Pods_Instagram_DemoTests.framework */; };
		AA729F93DF459BD19111509A /* Pods_Instagram_Demo.framework in Frameworks */ = {isa = PBXBuildFile; fileRef = A85D0176E8BF2349E255FA8A /* Pods_Instagram_Demo.framework */; };
/* End PBXBuildFile section */

/* Begin PBXContainerItemProxy section */
		339126851E6D347F00EB017C /* PBXContainerItemProxy */ = {
			isa = PBXContainerItemProxy;
			containerPortal = 339126681E6D347F00EB017C /* Project object */;
			proxyType = 1;
			remoteGlobalIDString = 3391266F1E6D347F00EB017C;
			remoteInfo = "Instagram-Demo";
		};
		339126901E6D347F00EB017C /* PBXContainerItemProxy */ = {
			isa = PBXContainerItemProxy;
			containerPortal = 339126681E6D347F00EB017C /* Project object */;
			proxyType = 1;
			remoteGlobalIDString = 3391266F1E6D347F00EB017C;
			remoteInfo = "Instagram-Demo";
		};
/* End PBXContainerItemProxy section */

/* Begin PBXFileReference section */
		101781ABDF427F0C76E6CAD5 /* Pods-Instagram-Demo.release.xcconfig */ = {isa = PBXFileReference; includeInIndex = 1; lastKnownFileType = text.xcconfig; name = "Pods-Instagram-Demo.release.xcconfig"; path = "Pods/Target Support Files/Pods-Instagram-Demo/Pods-Instagram-Demo.release.xcconfig"; sourceTree = "<group>"; };
		13DF4087C4323537D1877CEA /* Pods-Instagram-Demo.debug.xcconfig */ = {isa = PBXFileReference; includeInIndex = 1; lastKnownFileType = text.xcconfig; name = "Pods-Instagram-Demo.debug.xcconfig"; path = "Pods/Target Support Files/Pods-Instagram-Demo/Pods-Instagram-Demo.debug.xcconfig"; sourceTree = "<group>"; };
		339126701E6D347F00EB017C /* Instagram-Demo.app */ = {isa = PBXFileReference; explicitFileType = wrapper.application; includeInIndex = 0; path = "Instagram-Demo.app"; sourceTree = BUILT_PRODUCTS_DIR; };
		339126731E6D347F00EB017C /* AppDelegate.swift */ = {isa = PBXFileReference; lastKnownFileType = sourcecode.swift; path = AppDelegate.swift; sourceTree = "<group>"; };
		339126751E6D347F00EB017C /* LoginViewController.swift */ = {isa = PBXFileReference; lastKnownFileType = sourcecode.swift; path = LoginViewController.swift; sourceTree = "<group>"; };
		339126781E6D347F00EB017C /* Base */ = {isa = PBXFileReference; lastKnownFileType = file.storyboard; name = Base; path = Base.lproj/Main.storyboard; sourceTree = "<group>"; };
		3391267A1E6D347F00EB017C /* Assets.xcassets */ = {isa = PBXFileReference; lastKnownFileType = folder.assetcatalog; path = Assets.xcassets; sourceTree = "<group>"; };
		3391267D1E6D347F00EB017C /* Base */ = {isa = PBXFileReference; lastKnownFileType = file.storyboard; name = Base; path = Base.lproj/LaunchScreen.storyboard; sourceTree = "<group>"; };
		3391267F1E6D347F00EB017C /* Info.plist */ = {isa = PBXFileReference; lastKnownFileType = text.plist.xml; path = Info.plist; sourceTree = "<group>"; };
		339126841E6D347F00EB017C /* Instagram-DemoTests.xctest */ = {isa = PBXFileReference; explicitFileType = wrapper.cfbundle; includeInIndex = 0; path = "Instagram-DemoTests.xctest"; sourceTree = BUILT_PRODUCTS_DIR; };
		339126881E6D347F00EB017C /* Instagram_DemoTests.swift */ = {isa = PBXFileReference; lastKnownFileType = sourcecode.swift; path = Instagram_DemoTests.swift; sourceTree = "<group>"; };
		3391268A1E6D347F00EB017C /* Info.plist */ = {isa = PBXFileReference; lastKnownFileType = text.plist.xml; path = Info.plist; sourceTree = "<group>"; };
		3391268F1E6D347F00EB017C /* Instagram-DemoUITests.xctest */ = {isa = PBXFileReference; explicitFileType = wrapper.cfbundle; includeInIndex = 0; path = "Instagram-DemoUITests.xctest"; sourceTree = BUILT_PRODUCTS_DIR; };
		339126931E6D347F00EB017C /* Instagram_DemoUITests.swift */ = {isa = PBXFileReference; lastKnownFileType = sourcecode.swift; path = Instagram_DemoUITests.swift; sourceTree = "<group>"; };
		339126951E6D347F00EB017C /* Info.plist */ = {isa = PBXFileReference; lastKnownFileType = text.plist.xml; path = Info.plist; sourceTree = "<group>"; };
		33CE17D31E761337002E3496 /* InstaFeedViewController.swift */ = {isa = PBXFileReference; fileEncoding = 4; lastKnownFileType = sourcecode.swift; path = InstaFeedViewController.swift; sourceTree = "<group>"; };
		33CE17D61E762AD8002E3496 /* Post.swift */ = {isa = PBXFileReference; fileEncoding = 4; lastKnownFileType = sourcecode.swift; path = Post.swift; sourceTree = "<group>"; };
		33CE17D91E76460A002E3496 /* InstagramPostTableViewCell.swift */ = {isa = PBXFileReference; fileEncoding = 4; lastKnownFileType = sourcecode.swift; path = InstagramPostTableViewCell.swift; sourceTree = "<group>"; };
		6A4B264417CDD1B01E3287A4 /* Pods_Instagram_DemoUITests.framework */ = {isa = PBXFileReference; explicitFileType = wrapper.framework; includeInIndex = 0; path = Pods_Instagram_DemoUITests.framework; sourceTree = BUILT_PRODUCTS_DIR; };
		757883FFDF5FFD97CA0C4221 /* Pods_Instagram_DemoTests.framework */ = {isa = PBXFileReference; explicitFileType = wrapper.framework; includeInIndex = 0; path = Pods_Instagram_DemoTests.framework; sourceTree = BUILT_PRODUCTS_DIR; };
		887FACEE488A868C23BED897 /* Pods-Instagram-DemoUITests.release.xcconfig */ = {isa = PBXFileReference; includeInIndex = 1; lastKnownFileType = text.xcconfig; name = "Pods-Instagram-DemoUITests.release.xcconfig"; path = "Pods/Target Support Files/Pods-Instagram-DemoUITests/Pods-Instagram-DemoUITests.release.xcconfig"; sourceTree = "<group>"; };
		9B7650F171FC92B5ED9D8A1E /* Pods-Instagram-DemoTests.release.xcconfig */ = {isa = PBXFileReference; includeInIndex = 1; lastKnownFileType = text.xcconfig; name = "Pods-Instagram-DemoTests.release.xcconfig"; path = "Pods/Target Support Files/Pods-Instagram-DemoTests/Pods-Instagram-DemoTests.release.xcconfig"; sourceTree = "<group>"; };
		A85D0176E8BF2349E255FA8A /* Pods_Instagram_Demo.framework */ = {isa = PBXFileReference; explicitFileType = wrapper.framework; includeInIndex = 0; path = Pods_Instagram_Demo.framework; sourceTree = BUILT_PRODUCTS_DIR; };
		BACC3D5DA87A3E4087EA9DD2 /* Pods-Instagram-DemoUITests.debug.xcconfig */ = {isa = PBXFileReference; includeInIndex = 1; lastKnownFileType = text.xcconfig; name = "Pods-Instagram-DemoUITests.debug.xcconfig"; path = "Pods/Target Support Files/Pods-Instagram-DemoUITests/Pods-Instagram-DemoUITests.debug.xcconfig"; sourceTree = "<group>"; };
		F4A461273580D58CE52C5159 /* Pods-Instagram-DemoTests.debug.xcconfig */ = {isa = PBXFileReference; includeInIndex = 1; lastKnownFileType = text.xcconfig; name = "Pods-Instagram-DemoTests.debug.xcconfig"; path = "Pods/Target Support Files/Pods-Instagram-DemoTests/Pods-Instagram-DemoTests.debug.xcconfig"; sourceTree = "<group>"; };
/* End PBXFileReference section */

/* Begin PBXFrameworksBuildPhase section */
		3391266D1E6D347F00EB017C /* Frameworks */ = {
			isa = PBXFrameworksBuildPhase;
			buildActionMask = 2147483647;
			files = (
				AA729F93DF459BD19111509A /* Pods_Instagram_Demo.framework in Frameworks */,
			);
			runOnlyForDeploymentPostprocessing = 0;
		};
		339126811E6D347F00EB017C /* Frameworks */ = {
			isa = PBXFrameworksBuildPhase;
			buildActionMask = 2147483647;
			files = (
				96DEA27C6E95C373B808086B /* Pods_Instagram_DemoTests.framework in Frameworks */,
			);
			runOnlyForDeploymentPostprocessing = 0;
		};
		3391268C1E6D347F00EB017C /* Frameworks */ = {
			isa = PBXFrameworksBuildPhase;
			buildActionMask = 2147483647;
			files = (
				85F0BD5D770032DA796BCFD8 /* Pods_Instagram_DemoUITests.framework in Frameworks */,
			);
			runOnlyForDeploymentPostprocessing = 0;
		};
/* End PBXFrameworksBuildPhase section */

/* Begin PBXGroup section */
		14FDB1DB74745E74C147CD08 /* Frameworks */ = {
			isa = PBXGroup;
			children = (
				A85D0176E8BF2349E255FA8A /* Pods_Instagram_Demo.framework */,
				757883FFDF5FFD97CA0C4221 /* Pods_Instagram_DemoTests.framework */,
				6A4B264417CDD1B01E3287A4 /* Pods_Instagram_DemoUITests.framework */,
			);
			name = Frameworks;
			sourceTree = "<group>";
		};
		339126671E6D347F00EB017C = {
			isa = PBXGroup;
			children = (
				339126721E6D347F00EB017C /* Instagram-Demo */,
				339126871E6D347F00EB017C /* Instagram-DemoTests */,
				339126921E6D347F00EB017C /* Instagram-DemoUITests */,
				339126711E6D347F00EB017C /* Products */,
				94C72FF4545AFD8D752B5FCA /* Pods */,
				14FDB1DB74745E74C147CD08 /* Frameworks */,
			);
			sourceTree = "<group>";
		};
		339126711E6D347F00EB017C /* Products */ = {
			isa = PBXGroup;
			children = (
				339126701E6D347F00EB017C /* Instagram-Demo.app */,
				339126841E6D347F00EB017C /* Instagram-DemoTests.xctest */,
				3391268F1E6D347F00EB017C /* Instagram-DemoUITests.xctest */,
			);
			name = Products;
			sourceTree = "<group>";
		};
		339126721E6D347F00EB017C /* Instagram-Demo */ = {
			isa = PBXGroup;
			children = (
				33CE17D81E7645F0002E3496 /* Views */,
				33CE17D51E762ABE002E3496 /* Models */,
				33CE17D21E76130F002E3496 /* View Controllers */,
				339126731E6D347F00EB017C /* AppDelegate.swift */,
				339126771E6D347F00EB017C /* Main.storyboard */,
				3391267A1E6D347F00EB017C /* Assets.xcassets */,
				3391267C1E6D347F00EB017C /* LaunchScreen.storyboard */,
				3391267F1E6D347F00EB017C /* Info.plist */,
			);
			path = "Instagram-Demo";
			sourceTree = "<group>";
		};
		339126871E6D347F00EB017C /* Instagram-DemoTests */ = {
			isa = PBXGroup;
			children = (
				339126881E6D347F00EB017C /* Instagram_DemoTests.swift */,
				3391268A1E6D347F00EB017C /* Info.plist */,
			);
			path = "Instagram-DemoTests";
			sourceTree = "<group>";
		};
		339126921E6D347F00EB017C /* Instagram-DemoUITests */ = {
			isa = PBXGroup;
			children = (
				339126931E6D347F00EB017C /* Instagram_DemoUITests.swift */,
				339126951E6D347F00EB017C /* Info.plist */,
			);
			path = "Instagram-DemoUITests";
			sourceTree = "<group>";
		};
		33CE17D21E76130F002E3496 /* View Controllers */ = {
			isa = PBXGroup;
			children = (
				339126751E6D347F00EB017C /* LoginViewController.swift */,
				33CE17D31E761337002E3496 /* InstaFeedViewController.swift */,
			);
			name = "View Controllers";
			sourceTree = "<group>";
		};
		33CE17D51E762ABE002E3496 /* Models */ = {
			isa = PBXGroup;
			children = (
				33CE17D61E762AD8002E3496 /* Post.swift */,
			);
			name = Models;
			sourceTree = "<group>";
		};
		33CE17D81E7645F0002E3496 /* Views */ = {
			isa = PBXGroup;
			children = (
				33CE17D91E76460A002E3496 /* InstagramPostTableViewCell.swift */,
			);
			name = Views;
			sourceTree = "<group>";
		};
		94C72FF4545AFD8D752B5FCA /* Pods */ = {
			isa = PBXGroup;
			children = (
				13DF4087C4323537D1877CEA /* Pods-Instagram-Demo.debug.xcconfig */,
				101781ABDF427F0C76E6CAD5 /* Pods-Instagram-Demo.release.xcconfig */,
				F4A461273580D58CE52C5159 /* Pods-Instagram-DemoTests.debug.xcconfig */,
				9B7650F171FC92B5ED9D8A1E /* Pods-Instagram-DemoTests.release.xcconfig */,
				BACC3D5DA87A3E4087EA9DD2 /* Pods-Instagram-DemoUITests.debug.xcconfig */,
				887FACEE488A868C23BED897 /* Pods-Instagram-DemoUITests.release.xcconfig */,
			);
			name = Pods;
			sourceTree = "<group>";
		};
/* End PBXGroup section */

/* Begin PBXNativeTarget section */
		3391266F1E6D347F00EB017C /* Instagram-Demo */ = {
			isa = PBXNativeTarget;
			buildConfigurationList = 339126981E6D347F00EB017C /* Build configuration list for PBXNativeTarget "Instagram-Demo" */;
			buildPhases = (
				CA743F9FF0DEBF5BF3692395 /* [CP] Check Pods Manifest.lock */,
				3391266C1E6D347F00EB017C /* Sources */,
				3391266D1E6D347F00EB017C /* Frameworks */,
				3391266E1E6D347F00EB017C /* Resources */,
				2EFE28D6447D68F9F2E0B88C /* [CP] Embed Pods Frameworks */,
				6F64A027FEFD54D8962EED31 /* [CP] Copy Pods Resources */,
			);
			buildRules = (
			);
			dependencies = (
			);
			name = "Instagram-Demo";
			productName = "Instagram-Demo";
			productReference = 339126701E6D347F00EB017C /* Instagram-Demo.app */;
			productType = "com.apple.product-type.application";
		};
		339126831E6D347F00EB017C /* Instagram-DemoTests */ = {
			isa = PBXNativeTarget;
			buildConfigurationList = 3391269B1E6D347F00EB017C /* Build configuration list for PBXNativeTarget "Instagram-DemoTests" */;
			buildPhases = (
				0F8F96518E98CC24371F9677 /* [CP] Check Pods Manifest.lock */,
				339126801E6D347F00EB017C /* Sources */,
				339126811E6D347F00EB017C /* Frameworks */,
				339126821E6D347F00EB017C /* Resources */,
				393BED8D74F9B03A2D13A683 /* [CP] Embed Pods Frameworks */,
				A1DA49BDFA02DD31725C3673 /* [CP] Copy Pods Resources */,
			);
			buildRules = (
			);
			dependencies = (
				339126861E6D347F00EB017C /* PBXTargetDependency */,
			);
			name = "Instagram-DemoTests";
			productName = "Instagram-DemoTests";
			productReference = 339126841E6D347F00EB017C /* Instagram-DemoTests.xctest */;
			productType = "com.apple.product-type.bundle.unit-test";
		};
		3391268E1E6D347F00EB017C /* Instagram-DemoUITests */ = {
			isa = PBXNativeTarget;
			buildConfigurationList = 3391269E1E6D347F00EB017C /* Build configuration list for PBXNativeTarget "Instagram-DemoUITests" */;
			buildPhases = (
				27C242919E9D5C81F390903F /* [CP] Check Pods Manifest.lock */,
				3391268B1E6D347F00EB017C /* Sources */,
				3391268C1E6D347F00EB017C /* Frameworks */,
				3391268D1E6D347F00EB017C /* Resources */,
				870D13ECEB5C62F054CDA5A4 /* [CP] Embed Pods Frameworks */,
				5437F350A119B0013D2DB811 /* [CP] Copy Pods Resources */,
			);
			buildRules = (
			);
			dependencies = (
				339126911E6D347F00EB017C /* PBXTargetDependency */,
			);
			name = "Instagram-DemoUITests";
			productName = "Instagram-DemoUITests";
			productReference = 3391268F1E6D347F00EB017C /* Instagram-DemoUITests.xctest */;
			productType = "com.apple.product-type.bundle.ui-testing";
		};
/* End PBXNativeTarget section */

/* Begin PBXProject section */
		339126681E6D347F00EB017C /* Project object */ = {
			isa = PBXProject;
			attributes = {
				LastSwiftUpdateCheck = 0820;
				LastUpgradeCheck = 0820;
				ORGANIZATIONNAME = "Jose Guerrero";
				TargetAttributes = {
					3391266F1E6D347F00EB017C = {
						CreatedOnToolsVersion = 8.2.1;
						ProvisioningStyle = Automatic;
					};
					339126831E6D347F00EB017C = {
						CreatedOnToolsVersion = 8.2.1;
						ProvisioningStyle = Automatic;
						TestTargetID = 3391266F1E6D347F00EB017C;
					};
					3391268E1E6D347F00EB017C = {
						CreatedOnToolsVersion = 8.2.1;
						ProvisioningStyle = Automatic;
						TestTargetID = 3391266F1E6D347F00EB017C;
					};
				};
			};
			buildConfigurationList = 3391266B1E6D347F00EB017C /* Build configuration list for PBXProject "Instagram-Demo" */;
			compatibilityVersion = "Xcode 8.0";
			developmentRegion = English;
			hasScannedForEncodings = 0;
			knownRegions = (
				en,
				Base,
			);
			mainGroup = 339126671E6D347F00EB017C;
			productRefGroup = 339126711E6D347F00EB017C /* Products */;
			projectDirPath = "";
			projectRoot = "";
			targets = (
				3391266F1E6D347F00EB017C /* Instagram-Demo */,
				339126831E6D347F00EB017C /* Instagram-DemoTests */,
				3391268E1E6D347F00EB017C /* Instagram-DemoUITests */,
			);
		};
/* End PBXProject section */

/* Begin PBXResourcesBuildPhase section */
		3391266E1E6D347F00EB017C /* Resources */ = {
			isa = PBXResourcesBuildPhase;
			buildActionMask = 2147483647;
			files = (
				3391267E1E6D347F00EB017C /* LaunchScreen.storyboard in Resources */,
				3391267B1E6D347F00EB017C /* Assets.xcassets in Resources */,
				339126791E6D347F00EB017C /* Main.storyboard in Resources */,
			);
			runOnlyForDeploymentPostprocessing = 0;
		};
		339126821E6D347F00EB017C /* Resources */ = {
			isa = PBXResourcesBuildPhase;
			buildActionMask = 2147483647;
			files = (
			);
			runOnlyForDeploymentPostprocessing = 0;
		};
		3391268D1E6D347F00EB017C /* Resources */ = {
			isa = PBXResourcesBuildPhase;
			buildActionMask = 2147483647;
			files = (
			);
			runOnlyForDeploymentPostprocessing = 0;
		};
/* End PBXResourcesBuildPhase section */

/* Begin PBXShellScriptBuildPhase section */
		0F8F96518E98CC24371F9677 /* [CP] Check Pods Manifest.lock */ = {
			isa = PBXShellScriptBuildPhase;
			buildActionMask = 2147483647;
			files = (
			);
			inputPaths = (
			);
			name = "[CP] Check Pods Manifest.lock";
			outputPaths = (
			);
			runOnlyForDeploymentPostprocessing = 0;
			shellPath = /bin/sh;
			shellScript = "diff \"${PODS_ROOT}/../Podfile.lock\" \"${PODS_ROOT}/Manifest.lock\" > /dev/null\nif [ $? != 0 ] ; then\n    # print error to STDERR\n    echo \"error: The sandbox is not in sync with the Podfile.lock. Run 'pod install' or update your CocoaPods installation.\" >&2\n    exit 1\nfi\n";
			showEnvVarsInLog = 0;
		};
		27C242919E9D5C81F390903F /* [CP] Check Pods Manifest.lock */ = {
			isa = PBXShellScriptBuildPhase;
			buildActionMask = 2147483647;
			files = (
			);
			inputPaths = (
			);
			name = "[CP] Check Pods Manifest.lock";
			outputPaths = (
			);
			runOnlyForDeploymentPostprocessing = 0;
			shellPath = /bin/sh;
			shellScript = "diff \"${PODS_ROOT}/../Podfile.lock\" \"${PODS_ROOT}/Manifest.lock\" > /dev/null\nif [ $? != 0 ] ; then\n    # print error to STDERR\n    echo \"error: The sandbox is not in sync with the Podfile.lock. Run 'pod install' or update your CocoaPods installation.\" >&2\n    exit 1\nfi\n";
			showEnvVarsInLog = 0;
		};
		2EFE28D6447D68F9F2E0B88C /* [CP] Embed Pods Frameworks */ = {
			isa = PBXShellScriptBuildPhase;
			buildActionMask = 2147483647;
			files = (
			);
			inputPaths = (
			);
			name = "[CP] Embed Pods Frameworks";
			outputPaths = (
			);
			runOnlyForDeploymentPostprocessing = 0;
			shellPath = /bin/sh;
			shellScript = "\"${SRCROOT}/Pods/Target Support Files/Pods-Instagram-Demo/Pods-Instagram-Demo-frameworks.sh\"\n";
			showEnvVarsInLog = 0;
		};
		393BED8D74F9B03A2D13A683 /* [CP] Embed Pods Frameworks */ = {
			isa = PBXShellScriptBuildPhase;
			buildActionMask = 2147483647;
			files = (
			);
			inputPaths = (
			);
			name = "[CP] Embed Pods Frameworks";
			outputPaths = (
			);
			runOnlyForDeploymentPostprocessing = 0;
			shellPath = /bin/sh;
			shellScript = "\"${SRCROOT}/Pods/Target Support Files/Pods-Instagram-DemoTests/Pods-Instagram-DemoTests-frameworks.sh\"\n";
			showEnvVarsInLog = 0;
		};
		5437F350A119B0013D2DB811 /* [CP] Copy Pods Resources */ = {
			isa = PBXShellScriptBuildPhase;
			buildActionMask = 2147483647;
			files = (
			);
			inputPaths = (
			);
			name = "[CP] Copy Pods Resources";
			outputPaths = (
			);
			runOnlyForDeploymentPostprocessing = 0;
			shellPath = /bin/sh;
			shellScript = "\"${SRCROOT}/Pods/Target Support Files/Pods-Instagram-DemoUITests/Pods-Instagram-DemoUITests-resources.sh\"\n";
			showEnvVarsInLog = 0;
		};
		6F64A027FEFD54D8962EED31 /* [CP] Copy Pods Resources */ = {
			isa = PBXShellScriptBuildPhase;
			buildActionMask = 2147483647;
			files = (
			);
			inputPaths = (
			);
			name = "[CP] Copy Pods Resources";
			outputPaths = (
			);
			runOnlyForDeploymentPostprocessing = 0;
			shellPath = /bin/sh;
			shellScript = "\"${SRCROOT}/Pods/Target Support Files/Pods-Instagram-Demo/Pods-Instagram-Demo-resources.sh\"\n";
			showEnvVarsInLog = 0;
		};
		870D13ECEB5C62F054CDA5A4 /* [CP] Embed Pods Frameworks */ = {
			isa = PBXShellScriptBuildPhase;
			buildActionMask = 2147483647;
			files = (
			);
			inputPaths = (
			);
			name = "[CP] Embed Pods Frameworks";
			outputPaths = (
			);
			runOnlyForDeploymentPostprocessing = 0;
			shellPath = /bin/sh;
			shellScript = "\"${SRCROOT}/Pods/Target Support Files/Pods-Instagram-DemoUITests/Pods-Instagram-DemoUITests-frameworks.sh\"\n";
			showEnvVarsInLog = 0;
		};
		A1DA49BDFA02DD31725C3673 /* [CP] Copy Pods Resources */ = {
			isa = PBXShellScriptBuildPhase;
			buildActionMask = 2147483647;
			files = (
			);
			inputPaths = (
			);
			name = "[CP] Copy Pods Resources";
			outputPaths = (
			);
			runOnlyForDeploymentPostprocessing = 0;
			shellPath = /bin/sh;
			shellScript = "\"${SRCROOT}/Pods/Target Support Files/Pods-Instagram-DemoTests/Pods-Instagram-DemoTests-resources.sh\"\n";
			showEnvVarsInLog = 0;
		};
		CA743F9FF0DEBF5BF3692395 /* [CP] Check Pods Manifest.lock */ = {
			isa = PBXShellScriptBuildPhase;
			buildActionMask = 2147483647;
			files = (
			);
			inputPaths = (
			);
			name = "[CP] Check Pods Manifest.lock";
			outputPaths = (
			);
			runOnlyForDeploymentPostprocessing = 0;
			shellPath = /bin/sh;
			shellScript = "diff \"${PODS_ROOT}/../Podfile.lock\" \"${PODS_ROOT}/Manifest.lock\" > /dev/null\nif [ $? != 0 ] ; then\n    # print error to STDERR\n    echo \"error: The sandbox is not in sync with the Podfile.lock. Run 'pod install' or update your CocoaPods installation.\" >&2\n    exit 1\nfi\n";
			showEnvVarsInLog = 0;
		};
/* End PBXShellScriptBuildPhase section */

/* Begin PBXSourcesBuildPhase section */
		3391266C1E6D347F00EB017C /* Sources */ = {
			isa = PBXSourcesBuildPhase;
			buildActionMask = 2147483647;
			files = (
				33CE17DA1E76460A002E3496 /* InstagramPostTableViewCell.swift in Sources */,
				339126761E6D347F00EB017C /* LoginViewController.swift in Sources */,
				339126741E6D347F00EB017C /* AppDelegate.swift in Sources */,
				33CE17D41E761337002E3496 /* InstaFeedViewController.swift in Sources */,
				33CE17D71E762AD8002E3496 /* Post.swift in Sources */,
			);
			runOnlyForDeploymentPostprocessing = 0;
		};
		339126801E6D347F00EB017C /* Sources */ = {
			isa = PBXSourcesBuildPhase;
			buildActionMask = 2147483647;
			files = (
				339126891E6D347F00EB017C /* Instagram_DemoTests.swift in Sources */,
			);
			runOnlyForDeploymentPostprocessing = 0;
		};
		3391268B1E6D347F00EB017C /* Sources */ = {
			isa = PBXSourcesBuildPhase;
			buildActionMask = 2147483647;
			files = (
				339126941E6D347F00EB017C /* Instagram_DemoUITests.swift in Sources */,
			);
			runOnlyForDeploymentPostprocessing = 0;
		};
/* End PBXSourcesBuildPhase section */

/* Begin PBXTargetDependency section */
		339126861E6D347F00EB017C /* PBXTargetDependency */ = {
			isa = PBXTargetDependency;
			target = 3391266F1E6D347F00EB017C /* Instagram-Demo */;
			targetProxy = 339126851E6D347F00EB017C /* PBXContainerItemProxy */;
		};
		339126911E6D347F00EB017C /* PBXTargetDependency */ = {
			isa = PBXTargetDependency;
			target = 3391266F1E6D347F00EB017C /* Instagram-Demo */;
			targetProxy = 339126901E6D347F00EB017C /* PBXContainerItemProxy */;
		};
/* End PBXTargetDependency section */

/* Begin PBXVariantGroup section */
		339126771E6D347F00EB017C /* Main.storyboard */ = {
			isa = PBXVariantGroup;
			children = (
				339126781E6D347F00EB017C /* Base */,
			);
			name = Main.storyboard;
			sourceTree = "<group>";
		};
		3391267C1E6D347F00EB017C /* LaunchScreen.storyboard */ = {
			isa = PBXVariantGroup;
			children = (
				3391267D1E6D347F00EB017C /* Base */,
			);
			name = LaunchScreen.storyboard;
			sourceTree = "<group>";
		};
/* End PBXVariantGroup section */

/* Begin XCBuildConfiguration section */
		339126961E6D347F00EB017C /* Debug */ = {
			isa = XCBuildConfiguration;
			buildSettings = {
				ALWAYS_SEARCH_USER_PATHS = NO;
				CLANG_ANALYZER_NONNULL = YES;
				CLANG_CXX_LANGUAGE_STANDARD = "gnu++0x";
				CLANG_CXX_LIBRARY = "libc++";
				CLANG_ENABLE_MODULES = YES;
				CLANG_ENABLE_OBJC_ARC = YES;
				CLANG_WARN_BOOL_CONVERSION = YES;
				CLANG_WARN_CONSTANT_CONVERSION = YES;
				CLANG_WARN_DIRECT_OBJC_ISA_USAGE = YES_ERROR;
				CLANG_WARN_DOCUMENTATION_COMMENTS = YES;
				CLANG_WARN_EMPTY_BODY = YES;
				CLANG_WARN_ENUM_CONVERSION = YES;
				CLANG_WARN_INFINITE_RECURSION = YES;
				CLANG_WARN_INT_CONVERSION = YES;
				CLANG_WARN_OBJC_ROOT_CLASS = YES_ERROR;
				CLANG_WARN_SUSPICIOUS_MOVE = YES;
				CLANG_WARN_UNREACHABLE_CODE = YES;
				CLANG_WARN__DUPLICATE_METHOD_MATCH = YES;
				"CODE_SIGN_IDENTITY[sdk=iphoneos*]" = "iPhone Developer";
				COPY_PHASE_STRIP = NO;
				DEBUG_INFORMATION_FORMAT = dwarf;
				ENABLE_STRICT_OBJC_MSGSEND = YES;
				ENABLE_TESTABILITY = YES;
				GCC_C_LANGUAGE_STANDARD = gnu99;
				GCC_DYNAMIC_NO_PIC = NO;
				GCC_NO_COMMON_BLOCKS = YES;
				GCC_OPTIMIZATION_LEVEL = 0;
				GCC_PREPROCESSOR_DEFINITIONS = (
					"DEBUG=1",
					"$(inherited)",
				);
				GCC_WARN_64_TO_32_BIT_CONVERSION = YES;
				GCC_WARN_ABOUT_RETURN_TYPE = YES_ERROR;
				GCC_WARN_UNDECLARED_SELECTOR = YES;
				GCC_WARN_UNINITIALIZED_AUTOS = YES_AGGRESSIVE;
				GCC_WARN_UNUSED_FUNCTION = YES;
				GCC_WARN_UNUSED_VARIABLE = YES;
				IPHONEOS_DEPLOYMENT_TARGET = 10.2;
				MTL_ENABLE_DEBUG_INFO = YES;
				ONLY_ACTIVE_ARCH = YES;
				SDKROOT = iphoneos;
				SWIFT_ACTIVE_COMPILATION_CONDITIONS = DEBUG;
				SWIFT_OPTIMIZATION_LEVEL = "-Onone";
			};
			name = Debug;
		};
		339126971E6D347F00EB017C /* Release */ = {
			isa = XCBuildConfiguration;
			buildSettings = {
				ALWAYS_SEARCH_USER_PATHS = NO;
				CLANG_ANALYZER_NONNULL = YES;
				CLANG_CXX_LANGUAGE_STANDARD = "gnu++0x";
				CLANG_CXX_LIBRARY = "libc++";
				CLANG_ENABLE_MODULES = YES;
				CLANG_ENABLE_OBJC_ARC = YES;
				CLANG_WARN_BOOL_CONVERSION = YES;
				CLANG_WARN_CONSTANT_CONVERSION = YES;
				CLANG_WARN_DIRECT_OBJC_ISA_USAGE = YES_ERROR;
				CLANG_WARN_DOCUMENTATION_COMMENTS = YES;
				CLANG_WARN_EMPTY_BODY = YES;
				CLANG_WARN_ENUM_CONVERSION = YES;
				CLANG_WARN_INFINITE_RECURSION = YES;
				CLANG_WARN_INT_CONVERSION = YES;
				CLANG_WARN_OBJC_ROOT_CLASS = YES_ERROR;
				CLANG_WARN_SUSPICIOUS_MOVE = YES;
				CLANG_WARN_UNREACHABLE_CODE = YES;
				CLANG_WARN__DUPLICATE_METHOD_MATCH = YES;
				"CODE_SIGN_IDENTITY[sdk=iphoneos*]" = "iPhone Developer";
				COPY_PHASE_STRIP = NO;
				DEBUG_INFORMATION_FORMAT = "dwarf-with-dsym";
				ENABLE_NS_ASSERTIONS = NO;
				ENABLE_STRICT_OBJC_MSGSEND = YES;
				GCC_C_LANGUAGE_STANDARD = gnu99;
				GCC_NO_COMMON_BLOCKS = YES;
				GCC_WARN_64_TO_32_BIT_CONVERSION = YES;
				GCC_WARN_ABOUT_RETURN_TYPE = YES_ERROR;
				GCC_WARN_UNDECLARED_SELECTOR = YES;
				GCC_WARN_UNINITIALIZED_AUTOS = YES_AGGRESSIVE;
				GCC_WARN_UNUSED_FUNCTION = YES;
				GCC_WARN_UNUSED_VARIABLE = YES;
				IPHONEOS_DEPLOYMENT_TARGET = 10.2;
				MTL_ENABLE_DEBUG_INFO = NO;
				SDKROOT = iphoneos;
				SWIFT_OPTIMIZATION_LEVEL = "-Owholemodule";
				VALIDATE_PRODUCT = YES;
			};
			name = Release;
		};
		339126991E6D347F00EB017C /* Debug */ = {
			isa = XCBuildConfiguration;
			baseConfigurationReference = 13DF4087C4323537D1877CEA /* Pods-Instagram-Demo.debug.xcconfig */;
			buildSettings = {
				ASSETCATALOG_COMPILER_APPICON_NAME = AppIcon;
				DEVELOPMENT_TEAM = 936NAP953U;
				INFOPLIST_FILE = "Instagram-Demo/Info.plist";
				IPHONEOS_DEPLOYMENT_TARGET = 10.2;
				LD_RUNPATH_SEARCH_PATHS = "$(inherited) @executable_path/Frameworks";
				PRODUCT_BUNDLE_IDENTIFIER = "com.example.Instagram-Demo";
				PRODUCT_NAME = "$(TARGET_NAME)";
				SWIFT_VERSION = 3.0;
			};
			name = Debug;
		};
		3391269A1E6D347F00EB017C /* Release */ = {
			isa = XCBuildConfiguration;
			baseConfigurationReference = 101781ABDF427F0C76E6CAD5 /* Pods-Instagram-Demo.release.xcconfig */;
			buildSettings = {
				ASSETCATALOG_COMPILER_APPICON_NAME = AppIcon;
				DEVELOPMENT_TEAM = 936NAP953U;
				INFOPLIST_FILE = "Instagram-Demo/Info.plist";
				IPHONEOS_DEPLOYMENT_TARGET = 10.2;
				LD_RUNPATH_SEARCH_PATHS = "$(inherited) @executable_path/Frameworks";
				PRODUCT_BUNDLE_IDENTIFIER = "com.example.Instagram-Demo";
				PRODUCT_NAME = "$(TARGET_NAME)";
				SWIFT_VERSION = 3.0;
			};
			name = Release;
		};
		3391269C1E6D347F00EB017C /* Debug */ = {
			isa = XCBuildConfiguration;
			baseConfigurationReference = F4A461273580D58CE52C5159 /* Pods-Instagram-DemoTests.debug.xcconfig */;
			buildSettings = {
				ALWAYS_EMBED_SWIFT_STANDARD_LIBRARIES = YES;
				BUNDLE_LOADER = "$(TEST_HOST)";
				DEVELOPMENT_TEAM = 936NAP953U;
				INFOPLIST_FILE = "Instagram-DemoTests/Info.plist";
				LD_RUNPATH_SEARCH_PATHS = "$(inherited) @executable_path/Frameworks @loader_path/Frameworks";
				PRODUCT_BUNDLE_IDENTIFIER = "com.example.Instagram-DemoTests";
				PRODUCT_NAME = "$(TARGET_NAME)";
				SWIFT_VERSION = 3.0;
				TEST_HOST = "$(BUILT_PRODUCTS_DIR)/Instagram-Demo.app/Instagram-Demo";
			};
			name = Debug;
		};
		3391269D1E6D347F00EB017C /* Release */ = {
			isa = XCBuildConfiguration;
			baseConfigurationReference = 9B7650F171FC92B5ED9D8A1E /* Pods-Instagram-DemoTests.release.xcconfig */;
			buildSettings = {
				ALWAYS_EMBED_SWIFT_STANDARD_LIBRARIES = YES;
				BUNDLE_LOADER = "$(TEST_HOST)";
				DEVELOPMENT_TEAM = 936NAP953U;
				INFOPLIST_FILE = "Instagram-DemoTests/Info.plist";
				LD_RUNPATH_SEARCH_PATHS = "$(inherited) @executable_path/Frameworks @loader_path/Frameworks";
				PRODUCT_BUNDLE_IDENTIFIER = "com.example.Instagram-DemoTests";
				PRODUCT_NAME = "$(TARGET_NAME)";
				SWIFT_VERSION = 3.0;
				TEST_HOST = "$(BUILT_PRODUCTS_DIR)/Instagram-Demo.app/Instagram-Demo";
			};
			name = Release;
		};
		3391269F1E6D347F00EB017C /* Debug */ = {
			isa = XCBuildConfiguration;
			baseConfigurationReference = BACC3D5DA87A3E4087EA9DD2 /* Pods-Instagram-DemoUITests.debug.xcconfig */;
			buildSettings = {
				ALWAYS_EMBED_SWIFT_STANDARD_LIBRARIES = YES;
				DEVELOPMENT_TEAM = 936NAP953U;
				INFOPLIST_FILE = "Instagram-DemoUITests/Info.plist";
				LD_RUNPATH_SEARCH_PATHS = "$(inherited) @executable_path/Frameworks @loader_path/Frameworks";
				PRODUCT_BUNDLE_IDENTIFIER = "com.example.Instagram-DemoUITests";
				PRODUCT_NAME = "$(TARGET_NAME)";
				SWIFT_VERSION = 3.0;
				TEST_TARGET_NAME = "Instagram-Demo";
			};
			name = Debug;
		};
		339126A01E6D347F00EB017C /* Release */ = {
			isa = XCBuildConfiguration;
			baseConfigurationReference = 887FACEE488A868C23BED897 /* Pods-Instagram-DemoUITests.release.xcconfig */;
			buildSettings = {
				ALWAYS_EMBED_SWIFT_STANDARD_LIBRARIES = YES;
				DEVELOPMENT_TEAM = 936NAP953U;
				INFOPLIST_FILE = "Instagram-DemoUITests/Info.plist";
				LD_RUNPATH_SEARCH_PATHS = "$(inherited) @executable_path/Frameworks @loader_path/Frameworks";
				PRODUCT_BUNDLE_IDENTIFIER = "com.example.Instagram-DemoUITests";
				PRODUCT_NAME = "$(TARGET_NAME)";
				SWIFT_VERSION = 3.0;
				TEST_TARGET_NAME = "Instagram-Demo";
			};
			name = Release;
		};
/* End XCBuildConfiguration section */

/* Begin XCConfigurationList section */
		3391266B1E6D347F00EB017C /* Build configuration list for PBXProject "Instagram-Demo" */ = {
			isa = XCConfigurationList;
			buildConfigurations = (
				339126961E6D347F00EB017C /* Debug */,
				339126971E6D347F00EB017C /* Release */,
			);
			defaultConfigurationIsVisible = 0;
			defaultConfigurationName = Release;
		};
		339126981E6D347F00EB017C /* Build configuration list for PBXNativeTarget "Instagram-Demo" */ = {
			isa = XCConfigurationList;
			buildConfigurations = (
				339126991E6D347F00EB017C /* Debug */,
				3391269A1E6D347F00EB017C /* Release */,
			);
			defaultConfigurationIsVisible = 0;
			defaultConfigurationName = Release;
		};
		3391269B1E6D347F00EB017C /* Build configuration list for PBXNativeTarget "Instagram-DemoTests" */ = {
			isa = XCConfigurationList;
			buildConfigurations = (
				3391269C1E6D347F00EB017C /* Debug */,
				3391269D1E6D347F00EB017C /* Release */,
			);
			defaultConfigurationIsVisible = 0;
			defaultConfigurationName = Release;
		};
		3391269E1E6D347F00EB017C /* Build configuration list for PBXNativeTarget "Instagram-DemoUITests" */ = {
			isa = XCConfigurationList;
			buildConfigurations = (
				3391269F1E6D347F00EB017C /* Debug */,
				339126A01E6D347F00EB017C /* Release */,
			);
			defaultConfigurationIsVisible = 0;
			defaultConfigurationName = Release;
		};
/* End XCConfigurationList section */
	};
	rootObject = 339126681E6D347F00EB017C /* Project object */;
}
